
Microsoft Visual Studio Solution File, Format Version 12.00
# Visual Studio Version 18
VisualStudioVersion = 18.3.11512.155 d18.3
MinimumVisualStudioVersion = 10.0.40219.1
Project("{8BC9CEB8-8B4A-11D0-8D11-00A0C91BC942}") = "MemorySDL", "MemorySDL.vcxproj", "{10ACBA26-2D60-457F-8A05-2ACEF0DE6143}"
EndProject
Project("{8BC9CEB8-8B4A-11D0-8D11-00A0C91BC942}") = "SDL3", "..\..\..\dev\SDL\VisualC\SDL\SDL.vcxproj", "{81CE8DAF-EBB2-4761-8E45-B71ABCCA8C68}"
EndProject
Global
	GlobalSection(SolutionConfigurationPlatforms) = preSolution
		Debug|x64 = Debug|x64
		Debug|x86 = Debug|x86
		Release|x64 = Release|x64
		Release|x86 = Release|x86
	EndGlobalSection
	GlobalSection(ProjectConfigurationPlatforms) = postSolution
		{10ACBA26-2D60-457F-8A05-2ACEF0DE6143}.Debug|x64.ActiveCfg = Debug|x64
		{10ACBA26-2D60-457F-8A05-2ACEF0DE6143}.Debug|x64.Build.0 = Debug|x64
		{10ACBA26-2D60-457F-8A05-2ACEF0DE6143}.Debug|x86.ActiveCfg = Debug|Win32
		{10ACBA26-2D60-457F-8A05-2ACEF0DE6143}.Debug|x86.Build.0 = Debug|Win32
		{10ACBA26-2D60-457F-8A05-2ACEF0DE6143}.Release|x64.ActiveCfg = Release|x64
		{10ACBA26-2D60-457F-8A05-2ACEF0DE6143}.Release|x64.Build.0 = Release|x64
		{10ACBA26-2D60-457F-8A05-2ACEF0DE6143}.Release|x86.ActiveCfg = Release|Win32
		{10ACBA26-2D60-457F-8A05-2ACEF0DE6143}.Release|x86.Build.0 = Release|Win32
		{81CE8DAF-EBB2-4761-8E45-B71ABCCA8C68}.Debug|x64.ActiveCfg = Debug|x64
		{81CE8DAF-EBB2-4761-8E45-B71ABCCA8C68}.Debug|x64.Build.0 = Debug|x64
		{81CE8DAF-EBB2-4761-8E45-B71ABCCA8C68}.Debug|x86.ActiveCfg = Debug|Win32
		{81CE8DAF-EBB2-4761-8E45-B71ABCCA8C68}.Debug|x86.Build.0 = Debug|Win32
		{81CE8DAF-EBB2-4761-8E45-B71ABCCA8C68}.Release|x64.ActiveCfg = Release|x64
		{81CE8DAF-EBB2-4761-8E45-B71ABCCA8C68}.Release|x64.Build.0 = Release|x64
		{81CE8DAF-EBB2-4761-8E45-B71ABCCA8C68}.Release|x86.ActiveCfg = Release|Win32
		{81CE8DAF-EBB2-4761-8E45-B71ABCCA8C68}.Release|x86.Build.0 = Release|Win32
	EndGlobalSection
	GlobalSection(SolutionProperties) = preSolution
		HideSolutionNode = FALSE
	EndGlobalSection
	GlobalSection(ExtensibilityGlobals) = postSolution
		SolutionGuid = {5CBBAB3E-928F-4E38-9F28-F7CDB9107198}
	EndGlobalSection
EndGlobal
